{
  "name": "tanki-wiki-scraper",
  "version": "1.0.0",
  "lockfileVersion": 3,
  "requires": true,
  "packages": {
    "": {
      "name": "tanki-wiki-scraper",
      "version": "1.0.0",
      "dependencies": {
        "axios": "^1.6.2",
        "cheerio": "^1.0.0-rc.12",
        "fs-extra": "^11.2.0"
      }
    },
    "node_modules/asap": {
      "version": "2.0.6",
      "resolved": "https://registry.npmjs.org/asap/-/asap-2.0.6.tgz",
      "integrity": "sha512-9a2M2hrPA+r3Id9/gEVNpn3Y3G4tH2f7al2e3yYxOloFpTq1D2eLhX+2a4x1wT/1ptf2jZp3s3ItJjD2b8Z3g=="
    },
    "node_modules/axios": {
      "version": "1.6.8",
      "resolved": "https://registry.npmjs.org/axios/-/axios-1.6.8.tgz",
      "integrity": "sha512-hDceQytBrP922HHsJNG1LpL9gjsnNSRc04hGfXYXvGak2r+eNoooe9L5e3vuBvT2wVXrQJzJfcDLSb2f2OKYpA==",
      "dependencies": {
        "follow-redirects": "^1.15.6",
        "form-data": "^4.0.0",
        "proxy-from-env": "^1.1.0"
      }
    },
    "node_modules/cheerio": {
      "version": "1.0.0-rc.12",
      "resolved": "https://registry.npmjs.org/cheerio/-/cheerio-1.0.0-rc.12.tgz",
      "integrity": "sha512-tq1IFJyhmT3hegLPpaI_CsmKFelD4y5ve3xGfveB1zC7TC5Tfnp2s8UdhXvYm1Ie21Kib/8Q2NEeHj+1dMv/3w==",
      "dependencies": {
        "cheerio-select": "^2.1.0",
        "htmlparser2": "^8.0.1",
        "parse5": "^7.1.2",
        "parse5-htmlparser2-tree-adapter": "^7.0.0"
      },
      "funding": {
        "type": "opencollective",
        "url": "https://opencollective.com/cheerio"
      }
    },
    "node_modules/cheerio-select": {
      "version": "2.1.0",
      "resolved": "https://registry.npmjs.org/cheerio-select/-/cheerio-select-2.1.0.tgz",
      "integrity": "sha512-D/aXBI/I2sTf2224097o52vV1NTr8sAsMRg/iGptP1RH50Tpr0Vn4L+3b8Dgoq4tO1GqN+Kn23b7Tj5tX7peg==",
      "dependencies": {
        "css-select": "^5.1.0",
        "css-what": "^6.1.0"
      },
      "funding": {
        "type": "opencollective",
        "url": "https://opencollective.com/cheerio"
      }
    },
    "node_modules/css-select": {
      "version": "5.1.0",
      "resolved": "https://registry.npmjs.org/css-select/-/css-select-5.1.0.tgz",
      "integrity": "sha512-ubcHn4/6VcfFXjHcw7sh3I+I1C2I0CDh4Iec33iPvoAFvS2H0kF9wHJIjTM3g/9S2iMaHQe9o2g+qYc0B6rJTw==",
      "dependencies": {
        "boolbase": "^1.0.0",
        "css-what": "^6.1.0",
        "domhandler": "^5.0.3",
        "domutils": "^3.1.0",
        "nth-check": "^2.1.1"
      },
      "funding": {
        "url": "https://github.com/sponsors/fb55"
      }
    },
    "node_modules/css-what": {
      "version": "6.1.0",
      "resolved": "https://registry.npmjs.org/css-what/-/css-what-6.1.0.tgz",
      "integrity": "sha512-HTUrg3wDqEa62e0rFeTQeLGT9+SkMdT6AUNxts3w+UrKxgnWHIZ7V77S4pGR33b+W3ACgoI+e2ZGT2vY36FU6w==",
      "engines": {
        "node": ">= 6"
      },
      "funding": {
        "url": "https://github.com/sponsors/fb55"
      }
    },
    "node_modules/dom-serializer": {
      "version": "2.0.0",
      "resolved": "https://registry.npmjs.org/dom-serializer/-/dom-serializer-2.0.0.tgz",
      "integrity": "sha512-wNuBwlen+M5DCHHy42g6aP25z82j0a2EXrNcJk+L5bLd8V2jANP+wx3Ue2Sot2tIqf4teE0T1Viuo+Y9jU+y6w==",
      "dependencies": {
        "domelementtype": "^2.3.0",
        "domhandler": "^5.0.3",
        "entities": "^4.5.0"
      },
      "funding": {
        "url": "https://github.com/sponsors/fb55"
      }
    },
    "node_modules/domelementtype": {
      "version": "2.3.0",
      "resolved": "https://registry.npmjs.org/domelementtype/-/domelementtype-2.3.0.tgz",
      "integrity": "sha512-sNbFPOCQG6GIL5b2Wdw9Ql3dTgBHlYp3aL7AFlHYn/amc9p2mcIHQ12a9s+3ATYk9e+mKOhbsr4AWXN/eQyPZw==",
      "funding": [
        {
          "type": "github",
          "url": "https://github.com/sponsors/fb55"
        }
      ]
    },
    "node_modules/domhandler": {
      "version": "5.0.3",
      "resolved": "https://registry.npmjs.org/domhandler/-/domhandler-5.0.3.tgz",
      "integrity": "sha512-cgwPL2y7QPLhEdCjdi8SAED2NrSthAbz9gC6Ie1u1V/sJ5j/2V12Dk6/BBu6r32EV/AUnzof3L3Tq42q41A2A==",
      "dependencies": {
        "domelementtype": "^2.3.0"
      },
      "engines": {
        "node": ">= 4"
      },
      "funding": {
        "url": "https://github.com/sponsors/fb55"
      }
    },
    "node_modules/domutils": {
      "version": "3.1.0",
      "resolved": "https://registry.npmjs.org/domutils/-/domutils-3.1.0.tgz",
      "integrity": "sha512-Wwp6t3nsb3yU2/0xx+M+BaS5GYv20vQPGfM1I1i2H1iO5rI2t3GpkSaOdn2aBweEVLpQkn1hI5k2xK+22fK/jA==",
      "dependencies": {
        "dom-serializer": "^2.0.0",
        "domelementtype": "^2.3.0",
        "domhandler": "^5.0.3"
      },
      "funding": {
        "url": "https://github.com/sponsors/fb55"
      }
    },
    "node_modules/entities": {
      "version": "4.5.0",
      "resolved": "https://registry.npmjs.org/entities/-/entities-4.5.0.tgz",
      "integrity": "sha512-V0371itIQ+BSkqumaRt160L9+L/H+ih0VwP9zQW0hRI6202GAl+hRQDURm5KroH3CKrg2c4d7kP+wwnlTzTf2g==",
      "engines": {
        "node": ">=0.12"
      },
      "funding": {
        "url": "https://github.com/sponsors/fb55"
      }
    },
    "node_modules/follow-redirects": {
      "version": "1.15.6",
      "resolved": "https://registry.npmjs.org/follow-redirects/-/follow-redirects-1.15.6.tgz",
      "integrity": "sha512-wS2BB8h+2/3svSr+D91E5aN/vO2x+ES3g+nCgxqIWXU+xajsXJQFvjJk306ss/TjC2fIeev30pI+cR2kUYW3QA==",
      "funding": [
        {
          "type": "individual",
          "url": "https://github.com/sponsors/RubenVerborgh"
        }
      ],
      "engines": {
        "node": ">=4.0"
      },
      "peerDependenciesMeta": {
        "debug": {
          "optional": true
        }
      }
    },
    "node_modules/form-data": {
      "version": "4.0.0",
      "resolved": "https://registry.npmjs.org/form-data/-/form-data-4.0.0.tgz",
      "integrity": "sha512-ETEbY+uKhFieldfv6GZxqnii3k9QWwO/ThL/7a+e2l6aTE9i2J4Qn2aG42trUFII2vLdIwEjz9t2hvvU+Knp2A==",
      "dependencies": {
        "asap": "^2.0.6",
        "combined-stream": "^1.0.8",
        "mime-types": "^2.1.12"
      },
      "engines": {
        "node": ">= 6"
      }
    },
    "node_modules/form-data/node_modules/combined-stream": {
      "version": "1.0.8",
      "resolved": "https://registry.npmjs.org/combined-stream/-/combined-stream-1.0.8.tgz",
      "integrity": "sha512-FQN4MRfuJeHf7cBbBMJFXadcmecGyr2d/S+za7GnaEVYnflPSMfcMr5ezkKGVzrDFIMb_u+PEyFPvOl6By0v_g==",
      "dependencies": {
        "delayed-stream": "~1.0.0"
      },
      "engines": {
        "node": ">= 0.8"
      }
    },
    "node_modules/form-data/node_modules/delayed-stream": {
      "version": "1.0.0",
      "resolved": "https://registry.npmjs.org/delayed-stream/-/delayed-stream-1.0.0.tgz",
      "integrity": "sha512-ZySD7Nf91aLB0RxL4KGrKHBXl7GgGPcsuf3TLAJjX5fDOuRW1NWaCyoa/3xrDFgr7MAvL6IFepXLuRg7RUPhUQ==",
      "engines": {
        "node": ">=0.4.0"
      }
    },
    "node_modules/form-data/node_modules/mime-types": {
      "version": "2.1.35",
      "resolved": "https://registry.npmjs.org/mime-types/-/mime-types-2.1.35.tgz",
      "integrity": "sha512-ZDY+bPm5zTTF+YpCrAU9nK0UgICYPT0QtT1NZWFx4s++TNkTTDb+MYemsTDDzAZ7tfAIMoGcl7ordnSUTTfrEA==",
      "dependencies": {
        "mime-db": "1.52.0"
      },
      "engines": {
        "node": ">= 0.6"
      }
    },
    "node_modules/fs-extra": {
      "version": "11.2.0",
      "resolved": "https://registry.npmjs.org/fs-extra/-/fs-extra-11.2.0.tgz",
      "integrity": "sha512-PmDi3uwK5eTmt2a3oB9aWwx6i+2YcWma24i2z4s2vjLRY0d+2qzOQRj2y/Hw0TB+09fDoG/Ke4x0+azw/wQf3w==",
      "dependencies": {
        "graceful-fs": "^4.2.0",
        "jsonfile": "^6.0.1",
        "universalify": "^2.0.0"
      },
      "engines": {
        "node": ">=14.14"
      }
    },
    "node_modules/graceful-fs": {
      "version": "4.2.11",
      "resolved": "https://registry.npmjs.org/graceful-fs/-/graceful-fs-4.2.11.tgz",
      "integrity": "sha512-RbJ3/K2isKaQfNkosMS2dD5wzhdwtcceJpFTaPvztA3IOEiPaOF53W/i6e+PK5M2NPSH28zI14yvxSjlcHhmqg=="
    },
    "node_modules/htmlparser2": {
      "version": "8.0.2",
      "resolved": "https://registry.npmjs.org/htmlparser2/-/htmlparser2-8.0.2.tgz",
      "integrity": "sha512-B09uP5g+2+sL2sLgX+L58ZZpSZZr7daxPj0LdYNosLPLw4g+HnxKb5C3x2D/IpvXkLsoJ4i+lOUw1yN9hOa0Lg==",
      "dependencies": {
        "domelementtype": "^2.3.0",
        "domhandler": "^5.0.3",
        "domutils": "^3.1.0",
        "entities": "^4.5.0"
      },
      "funding": {
        "url": "https://github.com/sponsors/fb55"
      }
    },
    "node_modules/jsonfile": {
      "version": "6.1.0",
      "resolved": "https://registry.npmjs.org/jsonfile/-/jsonfile-6.1.0.tgz",
      "integrity": "sha512-5dgndWOriYSm5cnYaJNhalLNDKOqFwyDB/rr1E9ZsGciGvKPs8R2xYGCacuf3z6K1YKDz182fd+fY3cn3pMqXQ==",
      "dependencies": {
        "universalify": "^2.0.0"
      },
      "optionalDependencies": {
        "graceful-fs": "^4.1.6"
      }
    },
    "node_modules/lru-cache": {
      "version": "6.0.0",
      "resolved": "https://registry.npmjs.org/lru-cache/-/lru-cache-6.0.0.tgz",
      "integrity": "sha512-Jo6dJ04CmSjuznwJSS3pUeWmd/H0ffTlkXXgwne+q7g6bO94ucrwBOl9eIgdGmsLR36zagMFHB1ArcScFAESAQ==",
      "dependencies": {
        "yallist": "^4.0.0"
      },
      "engines": {
        "node": ">=10"
      }
    },
    "node_modules/mime-db": {
      "version": "1.52.0",
      "resolved": "https://registry.npmjs.org/mime-db/-/mime-db-1.52.0.tgz",
      "integrity": "sha512-sPU4uV7dYlAPeJxliKz3RTiL+p+gd/jYzrd+soiYVC540DwgiEbvA7G2STcBCGYI+4sPMAasX1BRKpgwjco+JQ==",
      "engines": {
        "node": ">= 0.6"
      }
    },
    "node_modules/nth-check": {
      "version": "2.1.1",
      "resolved": "https://registry.npmjs.org/nth-check/-/nth-check-2.1.1.tgz",
      "integrity": "sha512-lqjrjmaOoAnWfMmBPL+XViLhS21+93gP2An1dC5/B4c+bnxOK94v1tA6U+psohMvYiw2xB+i1i042qgBwzSMrw==",
      "dependencies": {
        "boolbase": "^1.0.0"
      },
      "funding": {
        "url": "https://github.com/sponsors/fb55"
      }
    },
    "node_modules/nth-check/node_modules/boolbase": {
      "version": "1.0.0",
      "resolved": "https://registry.npmjs.org/boolbase/-/boolbase-1.0.0.tgz",
      "integrity": "sha512-JZOSA7Mo9sNGB8+UjSgzdLtokWAky1zbztM3Wl/e25lfaeVROK/iKeHampggda1iyk6OL8x5IIvLNaKomNgrrQ=="
    },
    "node_modules/parse5": {
      "version": "7.1.2",
      "resolved": "https://registry.npmjs.org/parse5/-/parse5-7.1.2.tgz",
      "integrity": "sha512-I+qjQ/43YkvHIlJQfYH1T6rKl7y0A4i3z+f/g8Wj5pEt34vVvJ+s2n7+y/o+c34cRF4nI8bIqOoHwYf4gQ==",
      "dependencies": {
        "entities": "^4.5.0",
        "parse5-htmlparser2-tree-adapter": "^7.0.0"
      }
    },
    "node_modules/parse5-htmlparser2-tree-adapter": {
      "version": "7.0.0",
      "resolved": "https://registry.npmjs.org/parse5-htmlparser2-tree-adapter/-/parse5-htmlparser2-tree-adapter-7.0.0.tgz",
      "integrity": "sha512-4sLgAsHwjiKxXYUuNJQifCh5HSyR2vV2oYcsL0o+HeOLRiqyWyovZq4n7ysCQE+iA2I6EoW4u5/qk6wB5+q4A==",
      "dependencies": {
        "parse5": "^7.1.2"
      }
    },
    "node_modules/proxy-from-env": {
      "version": "1.1.0",
      "resolved": "https://registry.npmjs.org/proxy-from-env/-/proxy-from-env-1.1.0.tgz",
      "integrity": "sha512-D+AqCTebdHmYZMHTv8vm6IqEP3iI1Kj2yHhYxPhy593pGmq6Wpx62+tuoVmt2jL2FhXnJm/D9IyG19mLA2aYg=="
    },
    "node_modules/pseudomap": {
      "version": "1.0.2",
      "resolved": "https://registry.npmjs.org/pseudomap/-/pseudomap-1.0.2.tgz",
      "integrity": "sha512-b/YwNhb8df9ZL2d0EK7A6rbya3fgYFViMhP9gAT24WlgmZ/2i9/TnGk8a1gYWI2kC5xotqu6gEXsO4i19SChmQ=="
    },
    "node_modules/universalify": {
      "version": "2.0.1",
      "resolved": "https://registry.npmjs.org/universalify/-/universalify-2.0.1.tgz",
      "integrity": "sha512-gpt/I5aGeSMIg3t2sT2y+IBe9JcgfM425zY5b0e20GhelsL9tuRh+3h3oL6SOrO4l/90ltq7Masmphg2s8s2Mw==",
      "engines": {
        "node": ">= 10.0.0"
      }
    },
    "node_modules/yallist": {
      "version": "4.0.0",
      "resolved": "https://registry.npmjs.org/yallist/-/yallist-4.0.0.tgz",
      "integrity": "sha512-3wdGidZyq5PAVfl+ERTadYTleMne0ad+CotgE+B91b0G6nGSQuS61A1/ssEN3dYfWXgo6UGb8E10KWeSPhDIlg=="
    },
    "node_modules/yallist/node_modules/pseudomap": {
      "version": "1.0.2",
      "resolved": "https://registry.npmjs.org/pseudomap/-/pseudomap-1.0.2.tgz",
      "integrity": "sha512-b/YwNhb8df9ZL2d0EK7A6rbya3fgYFViMhP9gAT24WlgmZ/2i9/TnGk8a1gYWI2kC5xotqu6gEXsO4i19SChmQ=="
    }
  }
}
